
Microsoft Visual Studio Solution File, Format Version 12.00
# Visual Studio Version 17
VisualStudioVersion = 17.1.32328.378
MinimumVisualStudioVersion = 10.0.40219.1
Project("{FAE04EC0-301F-11D3-BF4B-00C04F79EFBC}") = "CapaGUI", "CapaGUI\CapaGUI.csproj", "{307C9F0E-B53A-4A05-935A-F99195B3967F}"
EndProject
Project("{FAE04EC0-301F-11D3-BF4B-00C04F79EFBC}") = "CapaNegocio", "CapaNegocio\CapaNegocio.csproj", "{84747753-8A1A-4548-837D-A510C20E1EBA}"
EndProject
Project("{FAE04EC0-301F-11D3-BF4B-00C04F79EFBC}") = "CapaConexion", "CapaConexion\CapaConexion.csproj", "{63532796-48FC-4E46-BFA5-8DF431C0B164}"
EndProject
Global
	GlobalSection(SolutionConfigurationPlatforms) = preSolution
		Debug|Any CPU = Debug|Any CPU
		Release|Any CPU = Release|Any CPU
	EndGlobalSection
	GlobalSection(ProjectConfigurationPlatforms) = postSolution
		{307C9F0E-B53A-4A05-935A-F99195B3967F}.Debug|Any CPU.ActiveCfg = Debug|Any CPU
		{307C9F0E-B53A-4A05-935A-F99195B3967F}.Debug|Any CPU.Build.0 = Debug|Any CPU
		{307C9F0E-B53A-4A05-935A-F99195B3967F}.Release|Any CPU.ActiveCfg = Release|Any CPU
		{307C9F0E-B53A-4A05-935A-F99195B3967F}.Release|Any CPU.Build.0 = Release|Any CPU
		{84747753-8A1A-4548-837D-A510C20E1EBA}.Debug|Any CPU.ActiveCfg = Debug|Any CPU
		{84747753-8A1A-4548-837D-A510C20E1EBA}.Debug|Any CPU.Build.0 = Debug|Any CPU
		{84747753-8A1A-4548-837D-A510C20E1EBA}.Release|Any CPU.ActiveCfg = Release|Any CPU
		{84747753-8A1A-4548-837D-A510C20E1EBA}.Release|Any CPU.Build.0 = Release|Any CPU
		{63532796-48FC-4E46-BFA5-8DF431C0B164}.Debug|Any CPU.ActiveCfg = Debug|Any CPU
		{63532796-48FC-4E46-BFA5-8DF431C0B164}.Debug|Any CPU.Build.0 = Debug|Any CPU
		{63532796-48FC-4E46-BFA5-8DF431C0B164}.Release|Any CPU.ActiveCfg = Release|Any CPU
		{63532796-48FC-4E46-BFA5-8DF431C0B164}.Release|Any CPU.Build.0 = Release|Any CPU
	EndGlobalSection
	GlobalSection(SolutionProperties) = preSolution
		HideSolutionNode = FALSE
	EndGlobalSection
	GlobalSection(ExtensibilityGlobals) = postSolution
		SolutionGuid = {014FF3B7-5556-4B7A-9937-9B767EDE887B}
	EndGlobalSection
EndGlobal
